
Microsoft Visual Studio Solution File, Format Version 12.00
# Visual Studio 15
VisualStudioVersion = 15.0.28307.572
MinimumVisualStudioVersion = 10.0.40219.1
Project("{9A19103F-16F7-4668-BE54-9A1E7A4F7556}") = "OrderBot.Functions", "src\OrderBot.Functions\OrderBot.Functions.csproj", "{3514BD24-038F-48F0-A98A-CCDA2381816D}"
EndProject
Project("{9A19103F-16F7-4668-BE54-9A1E7A4F7556}") = "OrderBot", "src\OrderBot\OrderBot.csproj", "{EC8C36BF-1D9C-48ED-A5E5-58284F069AEC}"
EndProject
Project("{9A19103F-16F7-4668-BE54-9A1E7A4F7556}") = "OrderBot.Hosted", "src\OrderBot.Hosted\OrderBot.Hosted.csproj", "{C6761CC7-3B1B-4E10-B97B-EB91FEB39962}"
EndProject
Global
	GlobalSection(SolutionConfigurationPlatforms) = preSolution
		Debug|Any CPU = Debug|Any CPU
		Release|Any CPU = Release|Any CPU
	EndGlobalSection
	GlobalSection(ProjectConfigurationPlatforms) = postSolution
		{3514BD24-038F-48F0-A98A-CCDA2381816D}.Debug|Any CPU.ActiveCfg = Debug|Any CPU
		{3514BD24-038F-48F0-A98A-CCDA2381816D}.Debug|Any CPU.Build.0 = Debug|Any CPU
		{3514BD24-038F-48F0-A98A-CCDA2381816D}.Release|Any CPU.ActiveCfg = Release|Any CPU
		{3514BD24-038F-48F0-A98A-CCDA2381816D}.Release|Any CPU.Build.0 = Release|Any CPU
		{EC8C36BF-1D9C-48ED-A5E5-58284F069AEC}.Debug|Any CPU.ActiveCfg = Debug|Any CPU
		{EC8C36BF-1D9C-48ED-A5E5-58284F069AEC}.Debug|Any CPU.Build.0 = Debug|Any CPU
		{EC8C36BF-1D9C-48ED-A5E5-58284F069AEC}.Release|Any CPU.ActiveCfg = Release|Any CPU
		{EC8C36BF-1D9C-48ED-A5E5-58284F069AEC}.Release|Any CPU.Build.0 = Release|Any CPU
		{C6761CC7-3B1B-4E10-B97B-EB91FEB39962}.Debug|Any CPU.ActiveCfg = Debug|Any CPU
		{C6761CC7-3B1B-4E10-B97B-EB91FEB39962}.Debug|Any CPU.Build.0 = Debug|Any CPU
		{C6761CC7-3B1B-4E10-B97B-EB91FEB39962}.Release|Any CPU.ActiveCfg = Release|Any CPU
		{C6761CC7-3B1B-4E10-B97B-EB91FEB39962}.Release|Any CPU.Build.0 = Release|Any CPU
	EndGlobalSection
	GlobalSection(SolutionProperties) = preSolution
		HideSolutionNode = FALSE
	EndGlobalSection
	GlobalSection(ExtensibilityGlobals) = postSolution
		SolutionGuid = {9FAC8B81-23E7-4578-B2F0-0F7956F2EE89}
	EndGlobalSection
EndGlobal
